
Microsoft Visual Studio Solution File, Format Version 12.00
# Visual Studio Version 17
VisualStudioVersion = 17.11.35327.3
MinimumVisualStudioVersion = 10.0.40219.1
Project("{FAE04EC0-301F-11D3-BF4B-00C04F79EFBC}") = "ToDoList", "ToDoList\ToDoList.csproj", "{14E1DE47-E575-485F-A709-30A2A9B968BF}"
EndProject
Global
	GlobalSection(SolutionConfigurationPlatforms) = preSolution
		Debug|Any CPU = Debug|Any CPU
		Release|Any CPU = Release|Any CPU
	EndGlobalSection
	GlobalSection(ProjectConfigurationPlatforms) = postSolution
		{14E1DE47-E575-485F-A709-30A2A9B968BF}.Debug|Any CPU.ActiveCfg = Debug|Any CPU
		{14E1DE47-E575-485F-A709-30A2A9B968BF}.Debug|Any CPU.Build.0 = Debug|Any CPU
		{14E1DE47-E575-485F-A709-30A2A9B968BF}.Release|Any CPU.ActiveCfg = Release|Any CPU
		{14E1DE47-E575-485F-A709-30A2A9B968BF}.Release|Any CPU.Build.0 = Release|Any CPU
	EndGlobalSection
	GlobalSection(SolutionProperties) = preSolution
		HideSolutionNode = FALSE
	EndGlobalSection
	GlobalSection(ExtensibilityGlobals) = postSolution
		SolutionGuid = {9A37A826-7040-43E5-B246-41A3490B6F4E}
	EndGlobalSection
EndGlobal
